
Microsoft Visual Studio Solution File, Format Version 12.00
# Visual Studio Version 17
VisualStudioVersion = 17.14.36623.8 d17.14
MinimumVisualStudioVersion = 10.0.40219.1
Project("{FAE04EC0-301F-11D3-BF4B-00C04F79EFBC}") = "LetsGoWorkspace", "LetsGoWorkspace\LetsGoWorkspace.csproj", "{DB520516-0EA8-48E9-9ED9-0DEA571180F7}"
EndProject
Project("{FAE04EC0-301F-11D3-BF4B-00C04F79EFBC}") = "Workspace.Application", "Workspace.Application\Workspace.Application.csproj", "{2F8DDA8A-F600-4E18-9BAF-59C544CEEF0C}"
EndProject
Project("{FAE04EC0-301F-11D3-BF4B-00C04F79EFBC}") = "Workspace.Domain", "Workspace.Domain\Workspace.Domain.csproj", "{FFF1F58F-C7BA-4CD4-B79B-2EF59E6BD726}"
EndProject
Project("{FAE04EC0-301F-11D3-BF4B-00C04F79EFBC}") = "Workspace.Infrastructure", "Workspace.Infrastructure\Workspace.Infrastructure.csproj", "{D4159AFD-B648-4AFA-9B72-F4298E8100CC}"
EndProject
Global
	GlobalSection(SolutionConfigurationPlatforms) = preSolution
		Debug|Any CPU = Debug|Any CPU
		Release|Any CPU = Release|Any CPU
	EndGlobalSection
	GlobalSection(ProjectConfigurationPlatforms) = postSolution
		{DB520516-0EA8-48E9-9ED9-0DEA571180F7}.Debug|Any CPU.ActiveCfg = Debug|Any CPU
		{DB520516-0EA8-48E9-9ED9-0DEA571180F7}.Debug|Any CPU.Build.0 = Debug|Any CPU
		{DB520516-0EA8-48E9-9ED9-0DEA571180F7}.Release|Any CPU.ActiveCfg = Release|Any CPU
		{DB520516-0EA8-48E9-9ED9-0DEA571180F7}.Release|Any CPU.Build.0 = Release|Any CPU
		{2F8DDA8A-F600-4E18-9BAF-59C544CEEF0C}.Debug|Any CPU.ActiveCfg = Debug|Any CPU
		{2F8DDA8A-F600-4E18-9BAF-59C544CEEF0C}.Debug|Any CPU.Build.0 = Debug|Any CPU
		{2F8DDA8A-F600-4E18-9BAF-59C544CEEF0C}.Release|Any CPU.ActiveCfg = Release|Any CPU
		{2F8DDA8A-F600-4E18-9BAF-59C544CEEF0C}.Release|Any CPU.Build.0 = Release|Any CPU
		{FFF1F58F-C7BA-4CD4-B79B-2EF59E6BD726}.Debug|Any CPU.ActiveCfg = Debug|Any CPU
		{FFF1F58F-C7BA-4CD4-B79B-2EF59E6BD726}.Debug|Any CPU.Build.0 = Debug|Any CPU
		{FFF1F58F-C7BA-4CD4-B79B-2EF59E6BD726}.Release|Any CPU.ActiveCfg = Release|Any CPU
		{FFF1F58F-C7BA-4CD4-B79B-2EF59E6BD726}.Release|Any CPU.Build.0 = Release|Any CPU
		{D4159AFD-B648-4AFA-9B72-F4298E8100CC}.Debug|Any CPU.ActiveCfg = Debug|Any CPU
		{D4159AFD-B648-4AFA-9B72-F4298E8100CC}.Debug|Any CPU.Build.0 = Debug|Any CPU
		{D4159AFD-B648-4AFA-9B72-F4298E8100CC}.Release|Any CPU.ActiveCfg = Release|Any CPU
		{D4159AFD-B648-4AFA-9B72-F4298E8100CC}.Release|Any CPU.Build.0 = Release|Any CPU
	EndGlobalSection
	GlobalSection(SolutionProperties) = preSolution
		HideSolutionNode = FALSE
	EndGlobalSection
	GlobalSection(ExtensibilityGlobals) = postSolution
		SolutionGuid = {512A16F7-510E-420A-B613-7C9E43D54339}
	EndGlobalSection
EndGlobal
